
Microsoft Visual Studio Solution File, Format Version 12.00
Project("{FAE04EC0-301F-11D3-BF4B-00C04F79EFBC}") = "Day01", "Day01\Day01.csproj", "{F978DE76-FB4F-4639-BDD0-954232112099}"
EndProject
Project("{FAE04EC0-301F-11D3-BF4B-00C04F79EFBC}") = "Day02", "Day02\Day02.csproj", "{04349FB5-2FAD-4A3B-95A5-7540119A1290}"
EndProject
Project("{FAE04EC0-301F-11D3-BF4B-00C04F79EFBC}") = "Day03", "Day03\Day03.csproj", "{A94DEB1B-38E4-4BDD-84CD-4CB82C09671C}"
EndProject
Project("{FAE04EC0-301F-11D3-BF4B-00C04F79EFBC}") = "Day04", "Day04\Day04.csproj", "{2DEAE5FA-1FC4-4D3A-994C-E217E356B32F}"
EndProject
Project("{FAE04EC0-301F-11D3-BF4B-00C04F79EFBC}") = "Day05", "Day05\Day05.csproj", "{ED47B2D2-6834-4CF8-A8A7-1EC8EB8DF93E}"
EndProject
Project("{FAE04EC0-301F-11D3-BF4B-00C04F79EFBC}") = "Day06", "Day06\Day06.csproj", "{C03822CD-CE20-4F2D-8821-9EEABEED05D8}"
EndProject
Project("{FAE04EC0-301F-11D3-BF4B-00C04F79EFBC}") = "Day07", "Day07\Day07.csproj", "{0A5D2E20-AF0A-44C6-BC9F-CF3820F561BF}"
EndProject
Project("{FAE04EC0-301F-11D3-BF4B-00C04F79EFBC}") = "Day08", "Day08\Day08.csproj", "{5E9DFCD9-A036-435A-8E7E-D61F2FE539FD}"
EndProject
Global
	GlobalSection(SolutionConfigurationPlatforms) = preSolution
		Debug|Any CPU = Debug|Any CPU
		Release|Any CPU = Release|Any CPU
	EndGlobalSection
	GlobalSection(ProjectConfigurationPlatforms) = postSolution
		{F978DE76-FB4F-4639-BDD0-954232112099}.Debug|Any CPU.ActiveCfg = Debug|Any CPU
		{F978DE76-FB4F-4639-BDD0-954232112099}.Debug|Any CPU.Build.0 = Debug|Any CPU
		{F978DE76-FB4F-4639-BDD0-954232112099}.Release|Any CPU.ActiveCfg = Release|Any CPU
		{F978DE76-FB4F-4639-BDD0-954232112099}.Release|Any CPU.Build.0 = Release|Any CPU
		{04349FB5-2FAD-4A3B-95A5-7540119A1290}.Debug|Any CPU.ActiveCfg = Debug|Any CPU
		{04349FB5-2FAD-4A3B-95A5-7540119A1290}.Debug|Any CPU.Build.0 = Debug|Any CPU
		{04349FB5-2FAD-4A3B-95A5-7540119A1290}.Release|Any CPU.ActiveCfg = Release|Any CPU
		{04349FB5-2FAD-4A3B-95A5-7540119A1290}.Release|Any CPU.Build.0 = Release|Any CPU
		{A94DEB1B-38E4-4BDD-84CD-4CB82C09671C}.Debug|Any CPU.ActiveCfg = Debug|Any CPU
		{A94DEB1B-38E4-4BDD-84CD-4CB82C09671C}.Debug|Any CPU.Build.0 = Debug|Any CPU
		{A94DEB1B-38E4-4BDD-84CD-4CB82C09671C}.Release|Any CPU.ActiveCfg = Release|Any CPU
		{A94DEB1B-38E4-4BDD-84CD-4CB82C09671C}.Release|Any CPU.Build.0 = Release|Any CPU
		{2DEAE5FA-1FC4-4D3A-994C-E217E356B32F}.Debug|Any CPU.ActiveCfg = Debug|Any CPU
		{2DEAE5FA-1FC4-4D3A-994C-E217E356B32F}.Debug|Any CPU.Build.0 = Debug|Any CPU
		{2DEAE5FA-1FC4-4D3A-994C-E217E356B32F}.Release|Any CPU.ActiveCfg = Release|Any CPU
		{2DEAE5FA-1FC4-4D3A-994C-E217E356B32F}.Release|Any CPU.Build.0 = Release|Any CPU
		{ED47B2D2-6834-4CF8-A8A7-1EC8EB8DF93E}.Debug|Any CPU.ActiveCfg = Debug|Any CPU
		{ED47B2D2-6834-4CF8-A8A7-1EC8EB8DF93E}.Debug|Any CPU.Build.0 = Debug|Any CPU
		{ED47B2D2-6834-4CF8-A8A7-1EC8EB8DF93E}.Release|Any CPU.ActiveCfg = Release|Any CPU
		{ED47B2D2-6834-4CF8-A8A7-1EC8EB8DF93E}.Release|Any CPU.Build.0 = Release|Any CPU
		{C03822CD-CE20-4F2D-8821-9EEABEED05D8}.Debug|Any CPU.ActiveCfg = Debug|Any CPU
		{C03822CD-CE20-4F2D-8821-9EEABEED05D8}.Debug|Any CPU.Build.0 = Debug|Any CPU
		{C03822CD-CE20-4F2D-8821-9EEABEED05D8}.Release|Any CPU.ActiveCfg = Release|Any CPU
		{C03822CD-CE20-4F2D-8821-9EEABEED05D8}.Release|Any CPU.Build.0 = Release|Any CPU
		{0A5D2E20-AF0A-44C6-BC9F-CF3820F561BF}.Debug|Any CPU.ActiveCfg = Debug|Any CPU
		{0A5D2E20-AF0A-44C6-BC9F-CF3820F561BF}.Debug|Any CPU.Build.0 = Debug|Any CPU
		{0A5D2E20-AF0A-44C6-BC9F-CF3820F561BF}.Release|Any CPU.ActiveCfg = Release|Any CPU
		{0A5D2E20-AF0A-44C6-BC9F-CF3820F561BF}.Release|Any CPU.Build.0 = Release|Any CPU
		{5E9DFCD9-A036-435A-8E7E-D61F2FE539FD}.Debug|Any CPU.ActiveCfg = Debug|Any CPU
		{5E9DFCD9-A036-435A-8E7E-D61F2FE539FD}.Debug|Any CPU.Build.0 = Debug|Any CPU
		{5E9DFCD9-A036-435A-8E7E-D61F2FE539FD}.Release|Any CPU.ActiveCfg = Release|Any CPU
		{5E9DFCD9-A036-435A-8E7E-D61F2FE539FD}.Release|Any CPU.Build.0 = Release|Any CPU
	EndGlobalSection
EndGlobal
