Microsoft Visual Studio Solution File, Format Version 12.00
Project("{FAE04EC0-301F-11D3-BF4B-00C04F79EFBC}") = "Day01", "AdventOfCode2021\Day01\Day01.csproj", "{F978DE76-FB4F-4639-BDD0-954232112099}"
EndProject
Project("{FAE04EC0-301F-11D3-BF4B-00C04F79EFBC}") = "Day02", "AdventOfCode2021\Day02\Day02.csproj", "{04349FB5-2FAD-4A3B-95A5-7540119A1290}"
EndProject
Project("{FAE04EC0-301F-11D3-BF4B-00C04F79EFBC}") = "Day03", "AdventOfCode2021\Day03\Day03.csproj", "{A94DEB1B-38E4-4BDD-84CD-4CB82C09671C}"
EndProject
Project("{FAE04EC0-301F-11D3-BF4B-00C04F79EFBC}") = "Day04", "AdventOfCode2021\Day04\Day04.csproj", "{2DEAE5FA-1FC4-4D3A-994C-E217E356B32F}"
EndProject
Project("{FAE04EC0-301F-11D3-BF4B-00C04F79EFBC}") = "Day05", "AdventOfCode2021\Day05\Day05.csproj", "{ED47B2D2-6834-4CF8-A8A7-1EC8EB8DF93E}"
EndProject
Project("{FAE04EC0-301F-11D3-BF4B-00C04F79EFBC}") = "Day06", "AdventOfCode2021\Day06\Day06.csproj", "{C03822CD-CE20-4F2D-8821-9EEABEED05D8}"
EndProject
Project("{FAE04EC0-301F-11D3-BF4B-00C04F79EFBC}") = "Day07", "AdventOfCode2021\Day07\Day07.csproj", "{0A5D2E20-AF0A-44C6-BC9F-CF3820F561BF}"
EndProject
Project("{FAE04EC0-301F-11D3-BF4B-00C04F79EFBC}") = "Day08", "AdventOfCode2021\Day08\Day08.csproj", "{5E9DFCD9-A036-435A-8E7E-D61F2FE539FD}"
EndProject
Project("{FAE04EC0-301F-11D3-BF4B-00C04F79EFBC}") = "Day09", "AdventOfCode2021\Day09\Day09.csproj", "{38AB2B29-EADB-4F36-A72B-9C382A8E7DA6}"
EndProject
Project("{FAE04EC0-301F-11D3-BF4B-00C04F79EFBC}") = "Day10", "AdventOfCode2021\Day10\Day10.csproj", "{1AF3016E-F9CD-4363-890E-AB2481B64F31}"
EndProject
Project("{FAE04EC0-301F-11D3-BF4B-00C04F79EFBC}") = "Day11", "AdventOfCode2021\Day11\Day11.csproj", "{AA2A1B88-8E12-4FF4-9616-D1E31ED39E8B}"
EndProject
Project("{FAE04EC0-301F-11D3-BF4B-00C04F79EFBC}") = "Day12", "AdventOfCode2021\Day12\Day12.csproj", "{0E071D35-BD12-49CF-AFAB-C52F1E905FF7}"
EndProject
Project("{FAE04EC0-301F-11D3-BF4B-00C04F79EFBC}") = "Day13", "AdventOfCode2021\Day13\Day13.csproj", "{006D6554-3EF9-4964-813A-770A4EE92B85}"
EndProject
Project("{FAE04EC0-301F-11D3-BF4B-00C04F79EFBC}") = "Day14", "AdventOfCode2021\Day14\Day14.csproj", "{676AE0CA-3056-4CE6-A4A5-0FC05FCF4C9C}"
EndProject
Project("{FAE04EC0-301F-11D3-BF4B-00C04F79EFBC}") = "Day15", "AdventOfCode2021\Day15\Day15.csproj", "{74F0B8BC-AB12-4CF4-853C-0AFC6235CD8C}"
EndProject
Project("{FAE04EC0-301F-11D3-BF4B-00C04F79EFBC}") = "Day16", "AdventOfCode2021\Day16\Day16.csproj", "{125D38EE-44CB-49A3-9D4C-859F26E69D89}"
EndProject
Project("{FAE04EC0-301F-11D3-BF4B-00C04F79EFBC}") = "Day17", "AdventOfCode2021\Day17\Day17.csproj", "{9E8D0334-08DA-4EFB-988E-29BDFA8C485A}"
EndProject
Project("{FAE04EC0-301F-11D3-BF4B-00C04F79EFBC}") = "Day18", "AdventOfCode2021\Day18\Day18.csproj", "{F186C6ED-6073-4A1B-B6A9-06CC6C83DB1D}"
EndProject
Project("{FAE04EC0-301F-11D3-BF4B-00C04F79EFBC}") = "Day19", "AdventOfCode2021\Day19\Day19.csproj", "{D78E121E-5ABD-4672-956A-640C49C1DD15}"
EndProject
Project("{FAE04EC0-301F-11D3-BF4B-00C04F79EFBC}") = "Day20", "AdventOfCode2021\Day20\Day20.csproj", "{3DEACD96-FCD8-41C2-87B9-0ADF006F5898}"
EndProject
Project("{FAE04EC0-301F-11D3-BF4B-00C04F79EFBC}") = "Day21", "AdventOfCode2021\Day21\Day21.csproj", "{DFC9CB62-ED33-4AB8-8949-F4CC0CB99AB9}"
EndProject
Project("{FAE04EC0-301F-11D3-BF4B-00C04F79EFBC}") = "Day22", "AdventOfCode2021\Day22\Day22.csproj", "{15BC8D44-0BD6-489A-A2CB-2661A6B2B511}"
EndProject
Project("{FAE04EC0-301F-11D3-BF4B-00C04F79EFBC}") = "Day23", "AdventOfCode2021\Day23\Day23.csproj", "{4C428242-BD54-461F-B334-8C3A2175E86D}"
EndProject
Project("{FAE04EC0-301F-11D3-BF4B-00C04F79EFBC}") = "Day24", "AdventOfCode2021\Day24\Day24.csproj", "{D5B73BAD-E575-4CC1-9AB2-CB7F178425D2}"
EndProject
Project("{FAE04EC0-301F-11D3-BF4B-00C04F79EFBC}") = "Day25", "AdventOfCode2021\Day25\Day25.csproj", "{7C42AE18-DCF9-4813-88E8-3B5287BC5019}"
EndProject
Project("{2150E333-8FDC-42A3-9474-1A3956D46DE8}") = "2021", "2021", "{E0C7A1F7-401D-4B4A-B109-6CAFA1917D0C}"
EndProject
Project("{2150E333-8FDC-42A3-9474-1A3956D46DE8}") = "2022", "2022", "{4A6EDB33-0BD0-4FB5-8540-176756CB396F}"
EndProject
Project("{FAE04EC0-301F-11D3-BF4B-00C04F79EFBC}") = "Day01", "AdventOfCode2022\Day01\Day01.csproj", "{3124EC23-A058-4D02-B1E0-6CD2D9A03CC0}"
EndProject
Project("{FAE04EC0-301F-11D3-BF4B-00C04F79EFBC}") = "AOCCommon", "AOCCommon\AOCCommon.csproj", "{ACF38FCB-2B5B-4314-A566-26E8AFC276D0}"
EndProject
Project("{FAE04EC0-301F-11D3-BF4B-00C04F79EFBC}") = "Day02", "AdventOfCode2022\Day02\Day02.csproj", "{7AAE5ACF-2870-4F53-BAB5-DCE09C9F420F}"
EndProject
Project("{FAE04EC0-301F-11D3-BF4B-00C04F79EFBC}") = "Day03", "AdventOfCode2022\Day03\Day03.csproj", "{D0AE58A3-2BDC-4C79-9A1C-F902BCE5F8FF}"
EndProject
Project("{FAE04EC0-301F-11D3-BF4B-00C04F79EFBC}") = "Day04", "AdventOfCode2022\Day04\Day04.csproj", "{E395C7CF-D6B5-4A61-81AB-E29EE2D636EB}"
EndProject
Project("{FAE04EC0-301F-11D3-BF4B-00C04F79EFBC}") = "Day05", "AdventOfCode2022\Day05\Day05.csproj", "{9632F59D-37BE-46DA-A5E8-1320A3EEEBD2}"
EndProject
Global
	GlobalSection(SolutionConfigurationPlatforms) = preSolution
		Debug|Any CPU = Debug|Any CPU
		Release|Any CPU = Release|Any CPU
	EndGlobalSection
	GlobalSection(ProjectConfigurationPlatforms) = postSolution
		{F978DE76-FB4F-4639-BDD0-954232112099}.Debug|Any CPU.ActiveCfg = Debug|Any CPU
		{F978DE76-FB4F-4639-BDD0-954232112099}.Debug|Any CPU.Build.0 = Debug|Any CPU
		{F978DE76-FB4F-4639-BDD0-954232112099}.Release|Any CPU.ActiveCfg = Release|Any CPU
		{F978DE76-FB4F-4639-BDD0-954232112099}.Release|Any CPU.Build.0 = Release|Any CPU
		{04349FB5-2FAD-4A3B-95A5-7540119A1290}.Debug|Any CPU.ActiveCfg = Debug|Any CPU
		{04349FB5-2FAD-4A3B-95A5-7540119A1290}.Debug|Any CPU.Build.0 = Debug|Any CPU
		{04349FB5-2FAD-4A3B-95A5-7540119A1290}.Release|Any CPU.ActiveCfg = Release|Any CPU
		{04349FB5-2FAD-4A3B-95A5-7540119A1290}.Release|Any CPU.Build.0 = Release|Any CPU
		{A94DEB1B-38E4-4BDD-84CD-4CB82C09671C}.Debug|Any CPU.ActiveCfg = Debug|Any CPU
		{A94DEB1B-38E4-4BDD-84CD-4CB82C09671C}.Debug|Any CPU.Build.0 = Debug|Any CPU
		{A94DEB1B-38E4-4BDD-84CD-4CB82C09671C}.Release|Any CPU.ActiveCfg = Release|Any CPU
		{A94DEB1B-38E4-4BDD-84CD-4CB82C09671C}.Release|Any CPU.Build.0 = Release|Any CPU
		{2DEAE5FA-1FC4-4D3A-994C-E217E356B32F}.Debug|Any CPU.ActiveCfg = Debug|Any CPU
		{2DEAE5FA-1FC4-4D3A-994C-E217E356B32F}.Debug|Any CPU.Build.0 = Debug|Any CPU
		{2DEAE5FA-1FC4-4D3A-994C-E217E356B32F}.Release|Any CPU.ActiveCfg = Release|Any CPU
		{2DEAE5FA-1FC4-4D3A-994C-E217E356B32F}.Release|Any CPU.Build.0 = Release|Any CPU
		{ED47B2D2-6834-4CF8-A8A7-1EC8EB8DF93E}.Debug|Any CPU.ActiveCfg = Debug|Any CPU
		{ED47B2D2-6834-4CF8-A8A7-1EC8EB8DF93E}.Debug|Any CPU.Build.0 = Debug|Any CPU
		{ED47B2D2-6834-4CF8-A8A7-1EC8EB8DF93E}.Release|Any CPU.ActiveCfg = Release|Any CPU
		{ED47B2D2-6834-4CF8-A8A7-1EC8EB8DF93E}.Release|Any CPU.Build.0 = Release|Any CPU
		{C03822CD-CE20-4F2D-8821-9EEABEED05D8}.Debug|Any CPU.ActiveCfg = Debug|Any CPU
		{C03822CD-CE20-4F2D-8821-9EEABEED05D8}.Debug|Any CPU.Build.0 = Debug|Any CPU
		{C03822CD-CE20-4F2D-8821-9EEABEED05D8}.Release|Any CPU.ActiveCfg = Release|Any CPU
		{C03822CD-CE20-4F2D-8821-9EEABEED05D8}.Release|Any CPU.Build.0 = Release|Any CPU
		{0A5D2E20-AF0A-44C6-BC9F-CF3820F561BF}.Debug|Any CPU.ActiveCfg = Debug|Any CPU
		{0A5D2E20-AF0A-44C6-BC9F-CF3820F561BF}.Debug|Any CPU.Build.0 = Debug|Any CPU
		{0A5D2E20-AF0A-44C6-BC9F-CF3820F561BF}.Release|Any CPU.ActiveCfg = Release|Any CPU
		{0A5D2E20-AF0A-44C6-BC9F-CF3820F561BF}.Release|Any CPU.Build.0 = Release|Any CPU
		{5E9DFCD9-A036-435A-8E7E-D61F2FE539FD}.Debug|Any CPU.ActiveCfg = Debug|Any CPU
		{5E9DFCD9-A036-435A-8E7E-D61F2FE539FD}.Debug|Any CPU.Build.0 = Debug|Any CPU
		{5E9DFCD9-A036-435A-8E7E-D61F2FE539FD}.Release|Any CPU.ActiveCfg = Release|Any CPU
		{5E9DFCD9-A036-435A-8E7E-D61F2FE539FD}.Release|Any CPU.Build.0 = Release|Any CPU
		{38AB2B29-EADB-4F36-A72B-9C382A8E7DA6}.Debug|Any CPU.ActiveCfg = Debug|Any CPU
		{38AB2B29-EADB-4F36-A72B-9C382A8E7DA6}.Debug|Any CPU.Build.0 = Debug|Any CPU
		{38AB2B29-EADB-4F36-A72B-9C382A8E7DA6}.Release|Any CPU.ActiveCfg = Release|Any CPU
		{38AB2B29-EADB-4F36-A72B-9C382A8E7DA6}.Release|Any CPU.Build.0 = Release|Any CPU
		{1AF3016E-F9CD-4363-890E-AB2481B64F31}.Debug|Any CPU.ActiveCfg = Debug|Any CPU
		{1AF3016E-F9CD-4363-890E-AB2481B64F31}.Debug|Any CPU.Build.0 = Debug|Any CPU
		{1AF3016E-F9CD-4363-890E-AB2481B64F31}.Release|Any CPU.ActiveCfg = Release|Any CPU
		{1AF3016E-F9CD-4363-890E-AB2481B64F31}.Release|Any CPU.Build.0 = Release|Any CPU
		{AA2A1B88-8E12-4FF4-9616-D1E31ED39E8B}.Debug|Any CPU.ActiveCfg = Debug|Any CPU
		{AA2A1B88-8E12-4FF4-9616-D1E31ED39E8B}.Debug|Any CPU.Build.0 = Debug|Any CPU
		{AA2A1B88-8E12-4FF4-9616-D1E31ED39E8B}.Release|Any CPU.ActiveCfg = Release|Any CPU
		{AA2A1B88-8E12-4FF4-9616-D1E31ED39E8B}.Release|Any CPU.Build.0 = Release|Any CPU
		{0E071D35-BD12-49CF-AFAB-C52F1E905FF7}.Debug|Any CPU.ActiveCfg = Debug|Any CPU
		{0E071D35-BD12-49CF-AFAB-C52F1E905FF7}.Debug|Any CPU.Build.0 = Debug|Any CPU
		{0E071D35-BD12-49CF-AFAB-C52F1E905FF7}.Release|Any CPU.ActiveCfg = Release|Any CPU
		{0E071D35-BD12-49CF-AFAB-C52F1E905FF7}.Release|Any CPU.Build.0 = Release|Any CPU
		{006D6554-3EF9-4964-813A-770A4EE92B85}.Debug|Any CPU.ActiveCfg = Debug|Any CPU
		{006D6554-3EF9-4964-813A-770A4EE92B85}.Debug|Any CPU.Build.0 = Debug|Any CPU
		{006D6554-3EF9-4964-813A-770A4EE92B85}.Release|Any CPU.ActiveCfg = Release|Any CPU
		{006D6554-3EF9-4964-813A-770A4EE92B85}.Release|Any CPU.Build.0 = Release|Any CPU
		{676AE0CA-3056-4CE6-A4A5-0FC05FCF4C9C}.Debug|Any CPU.ActiveCfg = Debug|Any CPU
		{676AE0CA-3056-4CE6-A4A5-0FC05FCF4C9C}.Debug|Any CPU.Build.0 = Debug|Any CPU
		{676AE0CA-3056-4CE6-A4A5-0FC05FCF4C9C}.Release|Any CPU.ActiveCfg = Release|Any CPU
		{676AE0CA-3056-4CE6-A4A5-0FC05FCF4C9C}.Release|Any CPU.Build.0 = Release|Any CPU
		{74F0B8BC-AB12-4CF4-853C-0AFC6235CD8C}.Debug|Any CPU.ActiveCfg = Debug|Any CPU
		{74F0B8BC-AB12-4CF4-853C-0AFC6235CD8C}.Debug|Any CPU.Build.0 = Debug|Any CPU
		{74F0B8BC-AB12-4CF4-853C-0AFC6235CD8C}.Release|Any CPU.ActiveCfg = Release|Any CPU
		{74F0B8BC-AB12-4CF4-853C-0AFC6235CD8C}.Release|Any CPU.Build.0 = Release|Any CPU
		{125D38EE-44CB-49A3-9D4C-859F26E69D89}.Debug|Any CPU.ActiveCfg = Debug|Any CPU
		{125D38EE-44CB-49A3-9D4C-859F26E69D89}.Debug|Any CPU.Build.0 = Debug|Any CPU
		{125D38EE-44CB-49A3-9D4C-859F26E69D89}.Release|Any CPU.ActiveCfg = Release|Any CPU
		{125D38EE-44CB-49A3-9D4C-859F26E69D89}.Release|Any CPU.Build.0 = Release|Any CPU
		{9E8D0334-08DA-4EFB-988E-29BDFA8C485A}.Debug|Any CPU.ActiveCfg = Debug|Any CPU
		{9E8D0334-08DA-4EFB-988E-29BDFA8C485A}.Debug|Any CPU.Build.0 = Debug|Any CPU
		{9E8D0334-08DA-4EFB-988E-29BDFA8C485A}.Release|Any CPU.ActiveCfg = Release|Any CPU
		{9E8D0334-08DA-4EFB-988E-29BDFA8C485A}.Release|Any CPU.Build.0 = Release|Any CPU
		{F186C6ED-6073-4A1B-B6A9-06CC6C83DB1D}.Debug|Any CPU.ActiveCfg = Debug|Any CPU
		{F186C6ED-6073-4A1B-B6A9-06CC6C83DB1D}.Debug|Any CPU.Build.0 = Debug|Any CPU
		{F186C6ED-6073-4A1B-B6A9-06CC6C83DB1D}.Release|Any CPU.ActiveCfg = Release|Any CPU
		{F186C6ED-6073-4A1B-B6A9-06CC6C83DB1D}.Release|Any CPU.Build.0 = Release|Any CPU
		{D78E121E-5ABD-4672-956A-640C49C1DD15}.Debug|Any CPU.ActiveCfg = Debug|Any CPU
		{D78E121E-5ABD-4672-956A-640C49C1DD15}.Debug|Any CPU.Build.0 = Debug|Any CPU
		{D78E121E-5ABD-4672-956A-640C49C1DD15}.Release|Any CPU.ActiveCfg = Release|Any CPU
		{D78E121E-5ABD-4672-956A-640C49C1DD15}.Release|Any CPU.Build.0 = Release|Any CPU
		{3DEACD96-FCD8-41C2-87B9-0ADF006F5898}.Debug|Any CPU.ActiveCfg = Debug|Any CPU
		{3DEACD96-FCD8-41C2-87B9-0ADF006F5898}.Debug|Any CPU.Build.0 = Debug|Any CPU
		{3DEACD96-FCD8-41C2-87B9-0ADF006F5898}.Release|Any CPU.ActiveCfg = Release|Any CPU
		{3DEACD96-FCD8-41C2-87B9-0ADF006F5898}.Release|Any CPU.Build.0 = Release|Any CPU
		{DFC9CB62-ED33-4AB8-8949-F4CC0CB99AB9}.Debug|Any CPU.ActiveCfg = Debug|Any CPU
		{DFC9CB62-ED33-4AB8-8949-F4CC0CB99AB9}.Debug|Any CPU.Build.0 = Debug|Any CPU
		{DFC9CB62-ED33-4AB8-8949-F4CC0CB99AB9}.Release|Any CPU.ActiveCfg = Release|Any CPU
		{DFC9CB62-ED33-4AB8-8949-F4CC0CB99AB9}.Release|Any CPU.Build.0 = Release|Any CPU
		{15BC8D44-0BD6-489A-A2CB-2661A6B2B511}.Debug|Any CPU.ActiveCfg = Debug|Any CPU
		{15BC8D44-0BD6-489A-A2CB-2661A6B2B511}.Debug|Any CPU.Build.0 = Debug|Any CPU
		{15BC8D44-0BD6-489A-A2CB-2661A6B2B511}.Release|Any CPU.ActiveCfg = Release|Any CPU
		{15BC8D44-0BD6-489A-A2CB-2661A6B2B511}.Release|Any CPU.Build.0 = Release|Any CPU
		{4C428242-BD54-461F-B334-8C3A2175E86D}.Debug|Any CPU.ActiveCfg = Debug|Any CPU
		{4C428242-BD54-461F-B334-8C3A2175E86D}.Debug|Any CPU.Build.0 = Debug|Any CPU
		{4C428242-BD54-461F-B334-8C3A2175E86D}.Release|Any CPU.ActiveCfg = Release|Any CPU
		{4C428242-BD54-461F-B334-8C3A2175E86D}.Release|Any CPU.Build.0 = Release|Any CPU
		{D5B73BAD-E575-4CC1-9AB2-CB7F178425D2}.Debug|Any CPU.ActiveCfg = Debug|Any CPU
		{D5B73BAD-E575-4CC1-9AB2-CB7F178425D2}.Debug|Any CPU.Build.0 = Debug|Any CPU
		{D5B73BAD-E575-4CC1-9AB2-CB7F178425D2}.Release|Any CPU.ActiveCfg = Release|Any CPU
		{D5B73BAD-E575-4CC1-9AB2-CB7F178425D2}.Release|Any CPU.Build.0 = Release|Any CPU
		{7C42AE18-DCF9-4813-88E8-3B5287BC5019}.Debug|Any CPU.ActiveCfg = Debug|Any CPU
		{7C42AE18-DCF9-4813-88E8-3B5287BC5019}.Debug|Any CPU.Build.0 = Debug|Any CPU
		{7C42AE18-DCF9-4813-88E8-3B5287BC5019}.Release|Any CPU.ActiveCfg = Release|Any CPU
		{7C42AE18-DCF9-4813-88E8-3B5287BC5019}.Release|Any CPU.Build.0 = Release|Any CPU
		{3124EC23-A058-4D02-B1E0-6CD2D9A03CC0}.Debug|Any CPU.ActiveCfg = Debug|Any CPU
		{3124EC23-A058-4D02-B1E0-6CD2D9A03CC0}.Debug|Any CPU.Build.0 = Debug|Any CPU
		{3124EC23-A058-4D02-B1E0-6CD2D9A03CC0}.Release|Any CPU.ActiveCfg = Release|Any CPU
		{3124EC23-A058-4D02-B1E0-6CD2D9A03CC0}.Release|Any CPU.Build.0 = Release|Any CPU
		{ACF38FCB-2B5B-4314-A566-26E8AFC276D0}.Debug|Any CPU.ActiveCfg = Debug|Any CPU
		{ACF38FCB-2B5B-4314-A566-26E8AFC276D0}.Debug|Any CPU.Build.0 = Debug|Any CPU
		{ACF38FCB-2B5B-4314-A566-26E8AFC276D0}.Release|Any CPU.ActiveCfg = Release|Any CPU
		{ACF38FCB-2B5B-4314-A566-26E8AFC276D0}.Release|Any CPU.Build.0 = Release|Any CPU
		{7AAE5ACF-2870-4F53-BAB5-DCE09C9F420F}.Debug|Any CPU.ActiveCfg = Debug|Any CPU
		{7AAE5ACF-2870-4F53-BAB5-DCE09C9F420F}.Debug|Any CPU.Build.0 = Debug|Any CPU
		{7AAE5ACF-2870-4F53-BAB5-DCE09C9F420F}.Release|Any CPU.ActiveCfg = Release|Any CPU
		{7AAE5ACF-2870-4F53-BAB5-DCE09C9F420F}.Release|Any CPU.Build.0 = Release|Any CPU
		{D0AE58A3-2BDC-4C79-9A1C-F902BCE5F8FF}.Debug|Any CPU.ActiveCfg = Debug|Any CPU
		{D0AE58A3-2BDC-4C79-9A1C-F902BCE5F8FF}.Debug|Any CPU.Build.0 = Debug|Any CPU
		{D0AE58A3-2BDC-4C79-9A1C-F902BCE5F8FF}.Release|Any CPU.ActiveCfg = Release|Any CPU
		{D0AE58A3-2BDC-4C79-9A1C-F902BCE5F8FF}.Release|Any CPU.Build.0 = Release|Any CPU
		{E395C7CF-D6B5-4A61-81AB-E29EE2D636EB}.Debug|Any CPU.ActiveCfg = Debug|Any CPU
		{E395C7CF-D6B5-4A61-81AB-E29EE2D636EB}.Debug|Any CPU.Build.0 = Debug|Any CPU
		{E395C7CF-D6B5-4A61-81AB-E29EE2D636EB}.Release|Any CPU.ActiveCfg = Release|Any CPU
		{E395C7CF-D6B5-4A61-81AB-E29EE2D636EB}.Release|Any CPU.Build.0 = Release|Any CPU
		{9632F59D-37BE-46DA-A5E8-1320A3EEEBD2}.Debug|Any CPU.ActiveCfg = Debug|Any CPU
		{9632F59D-37BE-46DA-A5E8-1320A3EEEBD2}.Debug|Any CPU.Build.0 = Debug|Any CPU
		{9632F59D-37BE-46DA-A5E8-1320A3EEEBD2}.Release|Any CPU.ActiveCfg = Release|Any CPU
		{9632F59D-37BE-46DA-A5E8-1320A3EEEBD2}.Release|Any CPU.Build.0 = Release|Any CPU
	EndGlobalSection
	GlobalSection(NestedProjects) = preSolution
		{F978DE76-FB4F-4639-BDD0-954232112099} = {E0C7A1F7-401D-4B4A-B109-6CAFA1917D0C}
		{04349FB5-2FAD-4A3B-95A5-7540119A1290} = {E0C7A1F7-401D-4B4A-B109-6CAFA1917D0C}
		{A94DEB1B-38E4-4BDD-84CD-4CB82C09671C} = {E0C7A1F7-401D-4B4A-B109-6CAFA1917D0C}
		{2DEAE5FA-1FC4-4D3A-994C-E217E356B32F} = {E0C7A1F7-401D-4B4A-B109-6CAFA1917D0C}
		{ED47B2D2-6834-4CF8-A8A7-1EC8EB8DF93E} = {E0C7A1F7-401D-4B4A-B109-6CAFA1917D0C}
		{C03822CD-CE20-4F2D-8821-9EEABEED05D8} = {E0C7A1F7-401D-4B4A-B109-6CAFA1917D0C}
		{0A5D2E20-AF0A-44C6-BC9F-CF3820F561BF} = {E0C7A1F7-401D-4B4A-B109-6CAFA1917D0C}
		{5E9DFCD9-A036-435A-8E7E-D61F2FE539FD} = {E0C7A1F7-401D-4B4A-B109-6CAFA1917D0C}
		{38AB2B29-EADB-4F36-A72B-9C382A8E7DA6} = {E0C7A1F7-401D-4B4A-B109-6CAFA1917D0C}
		{1AF3016E-F9CD-4363-890E-AB2481B64F31} = {E0C7A1F7-401D-4B4A-B109-6CAFA1917D0C}
		{AA2A1B88-8E12-4FF4-9616-D1E31ED39E8B} = {E0C7A1F7-401D-4B4A-B109-6CAFA1917D0C}
		{0E071D35-BD12-49CF-AFAB-C52F1E905FF7} = {E0C7A1F7-401D-4B4A-B109-6CAFA1917D0C}
		{006D6554-3EF9-4964-813A-770A4EE92B85} = {E0C7A1F7-401D-4B4A-B109-6CAFA1917D0C}
		{676AE0CA-3056-4CE6-A4A5-0FC05FCF4C9C} = {E0C7A1F7-401D-4B4A-B109-6CAFA1917D0C}
		{74F0B8BC-AB12-4CF4-853C-0AFC6235CD8C} = {E0C7A1F7-401D-4B4A-B109-6CAFA1917D0C}
		{125D38EE-44CB-49A3-9D4C-859F26E69D89} = {E0C7A1F7-401D-4B4A-B109-6CAFA1917D0C}
		{9E8D0334-08DA-4EFB-988E-29BDFA8C485A} = {E0C7A1F7-401D-4B4A-B109-6CAFA1917D0C}
		{F186C6ED-6073-4A1B-B6A9-06CC6C83DB1D} = {E0C7A1F7-401D-4B4A-B109-6CAFA1917D0C}
		{D78E121E-5ABD-4672-956A-640C49C1DD15} = {E0C7A1F7-401D-4B4A-B109-6CAFA1917D0C}
		{3DEACD96-FCD8-41C2-87B9-0ADF006F5898} = {E0C7A1F7-401D-4B4A-B109-6CAFA1917D0C}
		{DFC9CB62-ED33-4AB8-8949-F4CC0CB99AB9} = {E0C7A1F7-401D-4B4A-B109-6CAFA1917D0C}
		{15BC8D44-0BD6-489A-A2CB-2661A6B2B511} = {E0C7A1F7-401D-4B4A-B109-6CAFA1917D0C}
		{4C428242-BD54-461F-B334-8C3A2175E86D} = {E0C7A1F7-401D-4B4A-B109-6CAFA1917D0C}
		{D5B73BAD-E575-4CC1-9AB2-CB7F178425D2} = {E0C7A1F7-401D-4B4A-B109-6CAFA1917D0C}
		{7C42AE18-DCF9-4813-88E8-3B5287BC5019} = {E0C7A1F7-401D-4B4A-B109-6CAFA1917D0C}
		{3124EC23-A058-4D02-B1E0-6CD2D9A03CC0} = {4A6EDB33-0BD0-4FB5-8540-176756CB396F}
		{7AAE5ACF-2870-4F53-BAB5-DCE09C9F420F} = {4A6EDB33-0BD0-4FB5-8540-176756CB396F}
		{D0AE58A3-2BDC-4C79-9A1C-F902BCE5F8FF} = {4A6EDB33-0BD0-4FB5-8540-176756CB396F}
		{E395C7CF-D6B5-4A61-81AB-E29EE2D636EB} = {4A6EDB33-0BD0-4FB5-8540-176756CB396F}
		{9632F59D-37BE-46DA-A5E8-1320A3EEEBD2} = {4A6EDB33-0BD0-4FB5-8540-176756CB396F}
	EndGlobalSection
EndGlobal
